
Microsoft Visual Studio Solution File, Format Version 12.00
Project("{FAE04EC0-301F-11D3-BF4B-00C04F79EFBC}") = "ArrayTipado", "ArrayTipado\ArrayTipado.csproj", "{7341CAB4-79B1-40D7-8F75-B6AED53DBA9F}"
EndProject
Project("{FAE04EC0-301F-11D3-BF4B-00C04F79EFBC}") = "ArrayList", "ArrayList\ArrayList.csproj", "{443EE801-FF1A-4DA8-AF81-4FDCFC40B644}"
EndProject
Project("{FAE04EC0-301F-11D3-BF4B-00C04F79EFBC}") = "ListaGenerica", "ListaGenerica\ListaGenerica.csproj", "{AD3085D4-F403-4DE3-9119-CF643FCC6548}"
EndProject
Project("{FAE04EC0-301F-11D3-BF4B-00C04F79EFBC}") = "Dicionario", "Dicionario\Dicionario.csproj", "{43343074-0FF9-4533-BC31-592E16A76271}"
EndProject
Project("{FAE04EC0-301F-11D3-BF4B-00C04F79EFBC}") = "Fila", "Fila\Fila.csproj", "{7C0E6EBC-4D03-4B0A-B098-9EF5AE28F293}"
EndProject
Project("{FAE04EC0-301F-11D3-BF4B-00C04F79EFBC}") = "Cadastro", "Cadastro\Cadastro.csproj", "{FCD5F500-3A78-4F1E-B4D7-02575E06EEE6}"
EndProject
Project("{FAE04EC0-301F-11D3-BF4B-00C04F79EFBC}") = "Heranca", "Heranca\Heranca.csproj", "{E02AA2E6-2B09-42B7-B3F9-C516DC104F70}"
EndProject
Project("{FAE04EC0-301F-11D3-BF4B-00C04F79EFBC}") = "ClasseSelada", "ClasseSelada\ClasseSelada.csproj", "{0737AEDE-1491-4F38-9951-0BBCDF6C8BA7}"
EndProject
Project("{FAE04EC0-301F-11D3-BF4B-00C04F79EFBC}") = "ClasseAbstrata", "ClasseAbstrata\ClasseAbstrata.csproj", "{B794C68C-4CD8-471F-BBDF-9913B7724DA4}"
EndProject
Project("{FAE04EC0-301F-11D3-BF4B-00C04F79EFBC}") = "Records", "Records\Records.csproj", "{2A1DB9C7-EB50-41EB-A24C-E32E2F999D83}"
EndProject
Global
	GlobalSection(SolutionConfigurationPlatforms) = preSolution
		Debug|Any CPU = Debug|Any CPU
		Release|Any CPU = Release|Any CPU
	EndGlobalSection
	GlobalSection(ProjectConfigurationPlatforms) = postSolution
		{7341CAB4-79B1-40D7-8F75-B6AED53DBA9F}.Debug|Any CPU.ActiveCfg = Debug|Any CPU
		{7341CAB4-79B1-40D7-8F75-B6AED53DBA9F}.Debug|Any CPU.Build.0 = Debug|Any CPU
		{7341CAB4-79B1-40D7-8F75-B6AED53DBA9F}.Release|Any CPU.ActiveCfg = Release|Any CPU
		{7341CAB4-79B1-40D7-8F75-B6AED53DBA9F}.Release|Any CPU.Build.0 = Release|Any CPU
		{443EE801-FF1A-4DA8-AF81-4FDCFC40B644}.Debug|Any CPU.ActiveCfg = Debug|Any CPU
		{443EE801-FF1A-4DA8-AF81-4FDCFC40B644}.Debug|Any CPU.Build.0 = Debug|Any CPU
		{443EE801-FF1A-4DA8-AF81-4FDCFC40B644}.Release|Any CPU.ActiveCfg = Release|Any CPU
		{443EE801-FF1A-4DA8-AF81-4FDCFC40B644}.Release|Any CPU.Build.0 = Release|Any CPU
		{AD3085D4-F403-4DE3-9119-CF643FCC6548}.Debug|Any CPU.ActiveCfg = Debug|Any CPU
		{AD3085D4-F403-4DE3-9119-CF643FCC6548}.Debug|Any CPU.Build.0 = Debug|Any CPU
		{AD3085D4-F403-4DE3-9119-CF643FCC6548}.Release|Any CPU.ActiveCfg = Release|Any CPU
		{AD3085D4-F403-4DE3-9119-CF643FCC6548}.Release|Any CPU.Build.0 = Release|Any CPU
		{43343074-0FF9-4533-BC31-592E16A76271}.Debug|Any CPU.ActiveCfg = Debug|Any CPU
		{43343074-0FF9-4533-BC31-592E16A76271}.Debug|Any CPU.Build.0 = Debug|Any CPU
		{43343074-0FF9-4533-BC31-592E16A76271}.Release|Any CPU.ActiveCfg = Release|Any CPU
		{43343074-0FF9-4533-BC31-592E16A76271}.Release|Any CPU.Build.0 = Release|Any CPU
		{7C0E6EBC-4D03-4B0A-B098-9EF5AE28F293}.Debug|Any CPU.ActiveCfg = Debug|Any CPU
		{7C0E6EBC-4D03-4B0A-B098-9EF5AE28F293}.Debug|Any CPU.Build.0 = Debug|Any CPU
		{7C0E6EBC-4D03-4B0A-B098-9EF5AE28F293}.Release|Any CPU.ActiveCfg = Release|Any CPU
		{7C0E6EBC-4D03-4B0A-B098-9EF5AE28F293}.Release|Any CPU.Build.0 = Release|Any CPU
		{FCD5F500-3A78-4F1E-B4D7-02575E06EEE6}.Debug|Any CPU.ActiveCfg = Debug|Any CPU
		{FCD5F500-3A78-4F1E-B4D7-02575E06EEE6}.Debug|Any CPU.Build.0 = Debug|Any CPU
		{FCD5F500-3A78-4F1E-B4D7-02575E06EEE6}.Release|Any CPU.ActiveCfg = Release|Any CPU
		{FCD5F500-3A78-4F1E-B4D7-02575E06EEE6}.Release|Any CPU.Build.0 = Release|Any CPU
		{E02AA2E6-2B09-42B7-B3F9-C516DC104F70}.Debug|Any CPU.ActiveCfg = Debug|Any CPU
		{E02AA2E6-2B09-42B7-B3F9-C516DC104F70}.Debug|Any CPU.Build.0 = Debug|Any CPU
		{E02AA2E6-2B09-42B7-B3F9-C516DC104F70}.Release|Any CPU.ActiveCfg = Release|Any CPU
		{E02AA2E6-2B09-42B7-B3F9-C516DC104F70}.Release|Any CPU.Build.0 = Release|Any CPU
		{0737AEDE-1491-4F38-9951-0BBCDF6C8BA7}.Debug|Any CPU.ActiveCfg = Debug|Any CPU
		{0737AEDE-1491-4F38-9951-0BBCDF6C8BA7}.Debug|Any CPU.Build.0 = Debug|Any CPU
		{0737AEDE-1491-4F38-9951-0BBCDF6C8BA7}.Release|Any CPU.ActiveCfg = Release|Any CPU
		{0737AEDE-1491-4F38-9951-0BBCDF6C8BA7}.Release|Any CPU.Build.0 = Release|Any CPU
		{B794C68C-4CD8-471F-BBDF-9913B7724DA4}.Debug|Any CPU.ActiveCfg = Debug|Any CPU
		{B794C68C-4CD8-471F-BBDF-9913B7724DA4}.Debug|Any CPU.Build.0 = Debug|Any CPU
		{B794C68C-4CD8-471F-BBDF-9913B7724DA4}.Release|Any CPU.ActiveCfg = Release|Any CPU
		{B794C68C-4CD8-471F-BBDF-9913B7724DA4}.Release|Any CPU.Build.0 = Release|Any CPU
		{2A1DB9C7-EB50-41EB-A24C-E32E2F999D83}.Debug|Any CPU.ActiveCfg = Debug|Any CPU
		{2A1DB9C7-EB50-41EB-A24C-E32E2F999D83}.Debug|Any CPU.Build.0 = Debug|Any CPU
		{2A1DB9C7-EB50-41EB-A24C-E32E2F999D83}.Release|Any CPU.ActiveCfg = Release|Any CPU
		{2A1DB9C7-EB50-41EB-A24C-E32E2F999D83}.Release|Any CPU.Build.0 = Release|Any CPU
	EndGlobalSection
EndGlobal
